
Microsoft Visual Studio Solution File, Format Version 12.00
# Visual Studio 15
VisualStudioVersion = 15.0.28307.572
MinimumVisualStudioVersion = 10.0.40219.1
Project("{9A19103F-16F7-4668-BE54-9A1E7A4F7556}") = "lab1", "lab1\lab1.csproj", "{4D638E4F-5524-45A1-950D-9C89FEC1E602}"
EndProject
Project("{9A19103F-16F7-4668-BE54-9A1E7A4F7556}") = "lab2", "lab2\lab2.csproj", "{5FA74E66-3232-4FE5-BBF9-66CE04F79013}"
EndProject
Project("{9A19103F-16F7-4668-BE54-9A1E7A4F7556}") = "lab3", "lab3\lab3.csproj", "{28A71D02-0415-437D-8977-DCA883FFF90E}"
EndProject
Project("{FAE04EC0-301F-11D3-BF4B-00C04F79EFBC}") = "lab4", "lab4\lab4.csproj", "{BC34FC13-0692-48C4-B784-69E05756DE10}"
EndProject
Project("{9A19103F-16F7-4668-BE54-9A1E7A4F7556}") = "lab5", "lab5\lab5.csproj", "{23CBD903-CCD7-4691-ABB5-58A402642BC7}"
EndProject
Project("{FAE04EC0-301F-11D3-BF4B-00C04F79EFBC}") = "lab6", "lab6\lab6.csproj", "{FB96E8D3-4BDA-49FD-82DF-47C8DC1A33C2}"
EndProject
Project("{FAE04EC0-301F-11D3-BF4B-00C04F79EFBC}") = "lab6.2", "lab6.2\lab6.2.csproj", "{0FDBD9F4-458F-4A8A-B79B-26F4A5204297}"
EndProject
Project("{FAE04EC0-301F-11D3-BF4B-00C04F79EFBC}") = "lab7", "lab7\lab7.csproj", "{8AA851B0-9592-47AC-BD58-DF545DA7BC07}"
EndProject
Global
	GlobalSection(SolutionConfigurationPlatforms) = preSolution
		Debug|Any CPU = Debug|Any CPU
		Debug|ARM = Debug|ARM
		Debug|x64 = Debug|x64
		Debug|x86 = Debug|x86
		Release|Any CPU = Release|Any CPU
		Release|ARM = Release|ARM
		Release|x64 = Release|x64
		Release|x86 = Release|x86
	EndGlobalSection
	GlobalSection(ProjectConfigurationPlatforms) = postSolution
		{4D638E4F-5524-45A1-950D-9C89FEC1E602}.Debug|Any CPU.ActiveCfg = Debug|Any CPU
		{4D638E4F-5524-45A1-950D-9C89FEC1E602}.Debug|Any CPU.Build.0 = Debug|Any CPU
		{4D638E4F-5524-45A1-950D-9C89FEC1E602}.Debug|ARM.ActiveCfg = Debug|Any CPU
		{4D638E4F-5524-45A1-950D-9C89FEC1E602}.Debug|ARM.Build.0 = Debug|Any CPU
		{4D638E4F-5524-45A1-950D-9C89FEC1E602}.Debug|x64.ActiveCfg = Debug|Any CPU
		{4D638E4F-5524-45A1-950D-9C89FEC1E602}.Debug|x64.Build.0 = Debug|Any CPU
		{4D638E4F-5524-45A1-950D-9C89FEC1E602}.Debug|x86.ActiveCfg = Debug|Any CPU
		{4D638E4F-5524-45A1-950D-9C89FEC1E602}.Debug|x86.Build.0 = Debug|Any CPU
		{4D638E4F-5524-45A1-950D-9C89FEC1E602}.Release|Any CPU.ActiveCfg = Release|Any CPU
		{4D638E4F-5524-45A1-950D-9C89FEC1E602}.Release|Any CPU.Build.0 = Release|Any CPU
		{4D638E4F-5524-45A1-950D-9C89FEC1E602}.Release|ARM.ActiveCfg = Release|Any CPU
		{4D638E4F-5524-45A1-950D-9C89FEC1E602}.Release|ARM.Build.0 = Release|Any CPU
		{4D638E4F-5524-45A1-950D-9C89FEC1E602}.Release|x64.ActiveCfg = Release|Any CPU
		{4D638E4F-5524-45A1-950D-9C89FEC1E602}.Release|x64.Build.0 = Release|Any CPU
		{4D638E4F-5524-45A1-950D-9C89FEC1E602}.Release|x86.ActiveCfg = Release|Any CPU
		{4D638E4F-5524-45A1-950D-9C89FEC1E602}.Release|x86.Build.0 = Release|Any CPU
		{5FA74E66-3232-4FE5-BBF9-66CE04F79013}.Debug|Any CPU.ActiveCfg = Debug|Any CPU
		{5FA74E66-3232-4FE5-BBF9-66CE04F79013}.Debug|Any CPU.Build.0 = Debug|Any CPU
		{5FA74E66-3232-4FE5-BBF9-66CE04F79013}.Debug|ARM.ActiveCfg = Debug|Any CPU
		{5FA74E66-3232-4FE5-BBF9-66CE04F79013}.Debug|ARM.Build.0 = Debug|Any CPU
		{5FA74E66-3232-4FE5-BBF9-66CE04F79013}.Debug|x64.ActiveCfg = Debug|Any CPU
		{5FA74E66-3232-4FE5-BBF9-66CE04F79013}.Debug|x64.Build.0 = Debug|Any CPU
		{5FA74E66-3232-4FE5-BBF9-66CE04F79013}.Debug|x86.ActiveCfg = Debug|Any CPU
		{5FA74E66-3232-4FE5-BBF9-66CE04F79013}.Debug|x86.Build.0 = Debug|Any CPU
		{5FA74E66-3232-4FE5-BBF9-66CE04F79013}.Release|Any CPU.ActiveCfg = Release|Any CPU
		{5FA74E66-3232-4FE5-BBF9-66CE04F79013}.Release|Any CPU.Build.0 = Release|Any CPU
		{5FA74E66-3232-4FE5-BBF9-66CE04F79013}.Release|ARM.ActiveCfg = Release|Any CPU
		{5FA74E66-3232-4FE5-BBF9-66CE04F79013}.Release|ARM.Build.0 = Release|Any CPU
		{5FA74E66-3232-4FE5-BBF9-66CE04F79013}.Release|x64.ActiveCfg = Release|Any CPU
		{5FA74E66-3232-4FE5-BBF9-66CE04F79013}.Release|x64.Build.0 = Release|Any CPU
		{5FA74E66-3232-4FE5-BBF9-66CE04F79013}.Release|x86.ActiveCfg = Release|Any CPU
		{5FA74E66-3232-4FE5-BBF9-66CE04F79013}.Release|x86.Build.0 = Release|Any CPU
		{28A71D02-0415-437D-8977-DCA883FFF90E}.Debug|Any CPU.ActiveCfg = Debug|Any CPU
		{28A71D02-0415-437D-8977-DCA883FFF90E}.Debug|Any CPU.Build.0 = Debug|Any CPU
		{28A71D02-0415-437D-8977-DCA883FFF90E}.Debug|ARM.ActiveCfg = Debug|Any CPU
		{28A71D02-0415-437D-8977-DCA883FFF90E}.Debug|ARM.Build.0 = Debug|Any CPU
		{28A71D02-0415-437D-8977-DCA883FFF90E}.Debug|x64.ActiveCfg = Debug|Any CPU
		{28A71D02-0415-437D-8977-DCA883FFF90E}.Debug|x64.Build.0 = Debug|Any CPU
		{28A71D02-0415-437D-8977-DCA883FFF90E}.Debug|x86.ActiveCfg = Debug|Any CPU
		{28A71D02-0415-437D-8977-DCA883FFF90E}.Debug|x86.Build.0 = Debug|Any CPU
		{28A71D02-0415-437D-8977-DCA883FFF90E}.Release|Any CPU.ActiveCfg = Release|Any CPU
		{28A71D02-0415-437D-8977-DCA883FFF90E}.Release|Any CPU.Build.0 = Release|Any CPU
		{28A71D02-0415-437D-8977-DCA883FFF90E}.Release|ARM.ActiveCfg = Release|Any CPU
		{28A71D02-0415-437D-8977-DCA883FFF90E}.Release|ARM.Build.0 = Release|Any CPU
		{28A71D02-0415-437D-8977-DCA883FFF90E}.Release|x64.ActiveCfg = Release|Any CPU
		{28A71D02-0415-437D-8977-DCA883FFF90E}.Release|x64.Build.0 = Release|Any CPU
		{28A71D02-0415-437D-8977-DCA883FFF90E}.Release|x86.ActiveCfg = Release|Any CPU
		{28A71D02-0415-437D-8977-DCA883FFF90E}.Release|x86.Build.0 = Release|Any CPU
		{BC34FC13-0692-48C4-B784-69E05756DE10}.Debug|Any CPU.ActiveCfg = Debug|Any CPU
		{BC34FC13-0692-48C4-B784-69E05756DE10}.Debug|Any CPU.Build.0 = Debug|Any CPU
		{BC34FC13-0692-48C4-B784-69E05756DE10}.Debug|ARM.ActiveCfg = Debug|Any CPU
		{BC34FC13-0692-48C4-B784-69E05756DE10}.Debug|ARM.Build.0 = Debug|Any CPU
		{BC34FC13-0692-48C4-B784-69E05756DE10}.Debug|x64.ActiveCfg = Debug|Any CPU
		{BC34FC13-0692-48C4-B784-69E05756DE10}.Debug|x64.Build.0 = Debug|Any CPU
		{BC34FC13-0692-48C4-B784-69E05756DE10}.Debug|x86.ActiveCfg = Debug|Any CPU
		{BC34FC13-0692-48C4-B784-69E05756DE10}.Debug|x86.Build.0 = Debug|Any CPU
		{BC34FC13-0692-48C4-B784-69E05756DE10}.Release|Any CPU.ActiveCfg = Release|Any CPU
		{BC34FC13-0692-48C4-B784-69E05756DE10}.Release|Any CPU.Build.0 = Release|Any CPU
		{BC34FC13-0692-48C4-B784-69E05756DE10}.Release|ARM.ActiveCfg = Release|Any CPU
		{BC34FC13-0692-48C4-B784-69E05756DE10}.Release|ARM.Build.0 = Release|Any CPU
		{BC34FC13-0692-48C4-B784-69E05756DE10}.Release|x64.ActiveCfg = Release|Any CPU
		{BC34FC13-0692-48C4-B784-69E05756DE10}.Release|x64.Build.0 = Release|Any CPU
		{BC34FC13-0692-48C4-B784-69E05756DE10}.Release|x86.ActiveCfg = Release|Any CPU
		{BC34FC13-0692-48C4-B784-69E05756DE10}.Release|x86.Build.0 = Release|Any CPU
		{23CBD903-CCD7-4691-ABB5-58A402642BC7}.Debug|Any CPU.ActiveCfg = Debug|Any CPU
		{23CBD903-CCD7-4691-ABB5-58A402642BC7}.Debug|Any CPU.Build.0 = Debug|Any CPU
		{23CBD903-CCD7-4691-ABB5-58A402642BC7}.Debug|ARM.ActiveCfg = Debug|Any CPU
		{23CBD903-CCD7-4691-ABB5-58A402642BC7}.Debug|ARM.Build.0 = Debug|Any CPU
		{23CBD903-CCD7-4691-ABB5-58A402642BC7}.Debug|x64.ActiveCfg = Debug|Any CPU
		{23CBD903-CCD7-4691-ABB5-58A402642BC7}.Debug|x64.Build.0 = Debug|Any CPU
		{23CBD903-CCD7-4691-ABB5-58A402642BC7}.Debug|x86.ActiveCfg = Debug|Any CPU
		{23CBD903-CCD7-4691-ABB5-58A402642BC7}.Debug|x86.Build.0 = Debug|Any CPU
		{23CBD903-CCD7-4691-ABB5-58A402642BC7}.Release|Any CPU.ActiveCfg = Release|Any CPU
		{23CBD903-CCD7-4691-ABB5-58A402642BC7}.Release|Any CPU.Build.0 = Release|Any CPU
		{23CBD903-CCD7-4691-ABB5-58A402642BC7}.Release|ARM.ActiveCfg = Release|Any CPU
		{23CBD903-CCD7-4691-ABB5-58A402642BC7}.Release|ARM.Build.0 = Release|Any CPU
		{23CBD903-CCD7-4691-ABB5-58A402642BC7}.Release|x64.ActiveCfg = Release|Any CPU
		{23CBD903-CCD7-4691-ABB5-58A402642BC7}.Release|x64.Build.0 = Release|Any CPU
		{23CBD903-CCD7-4691-ABB5-58A402642BC7}.Release|x86.ActiveCfg = Release|Any CPU
		{23CBD903-CCD7-4691-ABB5-58A402642BC7}.Release|x86.Build.0 = Release|Any CPU
		{FB96E8D3-4BDA-49FD-82DF-47C8DC1A33C2}.Debug|Any CPU.ActiveCfg = Debug|Any CPU
		{FB96E8D3-4BDA-49FD-82DF-47C8DC1A33C2}.Debug|Any CPU.Build.0 = Debug|Any CPU
		{FB96E8D3-4BDA-49FD-82DF-47C8DC1A33C2}.Debug|ARM.ActiveCfg = Debug|Any CPU
		{FB96E8D3-4BDA-49FD-82DF-47C8DC1A33C2}.Debug|ARM.Build.0 = Debug|Any CPU
		{FB96E8D3-4BDA-49FD-82DF-47C8DC1A33C2}.Debug|x64.ActiveCfg = Debug|Any CPU
		{FB96E8D3-4BDA-49FD-82DF-47C8DC1A33C2}.Debug|x64.Build.0 = Debug|Any CPU
		{FB96E8D3-4BDA-49FD-82DF-47C8DC1A33C2}.Debug|x86.ActiveCfg = Debug|Any CPU
		{FB96E8D3-4BDA-49FD-82DF-47C8DC1A33C2}.Debug|x86.Build.0 = Debug|Any CPU
		{FB96E8D3-4BDA-49FD-82DF-47C8DC1A33C2}.Release|Any CPU.ActiveCfg = Release|Any CPU
		{FB96E8D3-4BDA-49FD-82DF-47C8DC1A33C2}.Release|Any CPU.Build.0 = Release|Any CPU
		{FB96E8D3-4BDA-49FD-82DF-47C8DC1A33C2}.Release|ARM.ActiveCfg = Release|Any CPU
		{FB96E8D3-4BDA-49FD-82DF-47C8DC1A33C2}.Release|ARM.Build.0 = Release|Any CPU
		{FB96E8D3-4BDA-49FD-82DF-47C8DC1A33C2}.Release|x64.ActiveCfg = Release|Any CPU
		{FB96E8D3-4BDA-49FD-82DF-47C8DC1A33C2}.Release|x64.Build.0 = Release|Any CPU
		{FB96E8D3-4BDA-49FD-82DF-47C8DC1A33C2}.Release|x86.ActiveCfg = Release|Any CPU
		{FB96E8D3-4BDA-49FD-82DF-47C8DC1A33C2}.Release|x86.Build.0 = Release|Any CPU
		{0FDBD9F4-458F-4A8A-B79B-26F4A5204297}.Debug|Any CPU.ActiveCfg = Debug|Any CPU
		{0FDBD9F4-458F-4A8A-B79B-26F4A5204297}.Debug|Any CPU.Build.0 = Debug|Any CPU
		{0FDBD9F4-458F-4A8A-B79B-26F4A5204297}.Debug|ARM.ActiveCfg = Debug|Any CPU
		{0FDBD9F4-458F-4A8A-B79B-26F4A5204297}.Debug|ARM.Build.0 = Debug|Any CPU
		{0FDBD9F4-458F-4A8A-B79B-26F4A5204297}.Debug|x64.ActiveCfg = Debug|Any CPU
		{0FDBD9F4-458F-4A8A-B79B-26F4A5204297}.Debug|x64.Build.0 = Debug|Any CPU
		{0FDBD9F4-458F-4A8A-B79B-26F4A5204297}.Debug|x86.ActiveCfg = Debug|Any CPU
		{0FDBD9F4-458F-4A8A-B79B-26F4A5204297}.Debug|x86.Build.0 = Debug|Any CPU
		{0FDBD9F4-458F-4A8A-B79B-26F4A5204297}.Release|Any CPU.ActiveCfg = Release|Any CPU
		{0FDBD9F4-458F-4A8A-B79B-26F4A5204297}.Release|Any CPU.Build.0 = Release|Any CPU
		{0FDBD9F4-458F-4A8A-B79B-26F4A5204297}.Release|ARM.ActiveCfg = Release|Any CPU
		{0FDBD9F4-458F-4A8A-B79B-26F4A5204297}.Release|ARM.Build.0 = Release|Any CPU
		{0FDBD9F4-458F-4A8A-B79B-26F4A5204297}.Release|x64.ActiveCfg = Release|Any CPU
		{0FDBD9F4-458F-4A8A-B79B-26F4A5204297}.Release|x64.Build.0 = Release|Any CPU
		{0FDBD9F4-458F-4A8A-B79B-26F4A5204297}.Release|x86.ActiveCfg = Release|Any CPU
		{0FDBD9F4-458F-4A8A-B79B-26F4A5204297}.Release|x86.Build.0 = Release|Any CPU
		{8AA851B0-9592-47AC-BD58-DF545DA7BC07}.Debug|Any CPU.ActiveCfg = Debug|Any CPU
		{8AA851B0-9592-47AC-BD58-DF545DA7BC07}.Debug|Any CPU.Build.0 = Debug|Any CPU
		{8AA851B0-9592-47AC-BD58-DF545DA7BC07}.Debug|ARM.ActiveCfg = Debug|Any CPU
		{8AA851B0-9592-47AC-BD58-DF545DA7BC07}.Debug|ARM.Build.0 = Debug|Any CPU
		{8AA851B0-9592-47AC-BD58-DF545DA7BC07}.Debug|x64.ActiveCfg = Debug|Any CPU
		{8AA851B0-9592-47AC-BD58-DF545DA7BC07}.Debug|x64.Build.0 = Debug|Any CPU
		{8AA851B0-9592-47AC-BD58-DF545DA7BC07}.Debug|x86.ActiveCfg = Debug|Any CPU
		{8AA851B0-9592-47AC-BD58-DF545DA7BC07}.Debug|x86.Build.0 = Debug|Any CPU
		{8AA851B0-9592-47AC-BD58-DF545DA7BC07}.Release|Any CPU.ActiveCfg = Release|Any CPU
		{8AA851B0-9592-47AC-BD58-DF545DA7BC07}.Release|Any CPU.Build.0 = Release|Any CPU
		{8AA851B0-9592-47AC-BD58-DF545DA7BC07}.Release|ARM.ActiveCfg = Release|Any CPU
		{8AA851B0-9592-47AC-BD58-DF545DA7BC07}.Release|ARM.Build.0 = Release|Any CPU
		{8AA851B0-9592-47AC-BD58-DF545DA7BC07}.Release|x64.ActiveCfg = Release|Any CPU
		{8AA851B0-9592-47AC-BD58-DF545DA7BC07}.Release|x64.Build.0 = Release|Any CPU
		{8AA851B0-9592-47AC-BD58-DF545DA7BC07}.Release|x86.ActiveCfg = Release|Any CPU
		{8AA851B0-9592-47AC-BD58-DF545DA7BC07}.Release|x86.Build.0 = Release|Any CPU
	EndGlobalSection
	GlobalSection(SolutionProperties) = preSolution
		HideSolutionNode = FALSE
	EndGlobalSection
	GlobalSection(ExtensibilityGlobals) = postSolution
		SolutionGuid = {BCCA0875-A2E9-4DCE-BA01-29424E440356}
	EndGlobalSection
EndGlobal
